{
  "name": "Neminess.github.io",
  "lockfileVersion": 2,
  "requires": true,
  "packages": {
    "": {
      "dependencies": {
        "darkreader": "^4.9.43"
      }
    },
    "node_modules/darkreader": {
      "version": "4.9.43",
      "resolved": "https://registry.npmjs.org/darkreader/-/darkreader-4.9.43.tgz",
      "integrity": "sha512-L6TryKvQiwLcR6YDggkITcPRh9OZeobYkUXHowJOzrV17gT6e0weldbaIJTwdPCoI9tdehTuyyXC8b76/wXhPQ==",
      "funding": {
        "type": "opencollective",
        "url": "https://opencollective.com/darkreader"
      }
    }
  },
  "dependencies": {
    "darkreader": {
      "version": "4.9.43",
      "resolved": "https://registry.npmjs.org/darkreader/-/darkreader-4.9.43.tgz",
      "integrity": "sha512-L6TryKvQiwLcR6YDggkITcPRh9OZeobYkUXHowJOzrV17gT6e0weldbaIJTwdPCoI9tdehTuyyXC8b76/wXhPQ=="
    }
  }
}
